{
  "meteor": {},
  "dependencies": {
    "basePackages": {
      "semantic-ui": {},
      "iron-router": {},
      "twit": {},
      "moment": {},
      "zurb-foundation": {},
      "houston": {},
      "smart-collections": {},
      "jquery-transit": {
        "git": "https://github.com/noorderstorm/meteor-jquery-transit.git",
        "branch": "master"
      },
      "Pikaday": {
        "git": "https://github.com/richsilv/Pikaday.git",
        "branch": "master"
      },
      "handlebars-server": {},
      "impicker": {},
      "Dropzonejs": {},
      "fast-render": {},
      "reactive-relations": {},
      "iron-router-tour": {},
      "collection-hooks": {}
    },
    "packages": {
      "semantic-ui": {
        "git": "https://github.com/nooitaf/meteor-semantic-ui.git",
        "tag": "v0.16.1",
        "commit": "46da3245561e5e64f03b1e2c8807cc6125aa4d98"
      },
      "iron-router": {
        "git": "https://github.com/EventedMind/iron-router.git",
        "tag": "v0.7.1",
        "commit": "d1ffb3f06ea4c112132b030f2eb1a70b81675ecb"
      },
      "twit": {
        "git": "https://github.com/subhog/meteor-twit.git",
        "tag": "v0.2.0",
        "commit": "3eb473f9efef8c77ae6a8eb6715fbdf93c4d87c0"
      },
      "moment": {
        "git": "https://github.com/acreeger/meteor-moment.git",
        "tag": "v2.6.0",
        "commit": "26156df681750fd6e6ed77043eef32b6653ebbdf"
      },
      "zurb-foundation": {
        "git": "https://github.com/MixinLabs/meteor-foundation.git",
        "tag": "v5.2.2-0.0.1",
        "commit": "afe432020cc6246fa0a243a6d2e1e031f08d98e3"
      },
      "houston": {
        "git": "https://github.com/gterrono/houston.git",
        "tag": "v1.0.4",
        "commit": "e76bda40587ac80ce51ee417047be8272664625c"
      },
      "smart-collections": {
        "git": "https://github.com/arunoda/meteor-smart-collections.git",
        "tag": "v0.4.0",
        "commit": "da25a5e88c3b5e3c1cb3bd44fd7fdc3234448526"
      },
      "jquery-transit": {
        "git": "https://github.com/noorderstorm/meteor-jquery-transit.git",
        "branch": "master",
        "commit": "d3b8a4149ab40b14b125edd473c3850177895fb5"
      },
      "Pikaday": {
        "git": "https://github.com/richsilv/Pikaday.git",
        "branch": "master",
        "commit": "984f2e4d17d43b6232343f9ef5b54f17685188c0"
      },
      "handlebars-server": {
        "git": "https://github.com/EventedMind/meteor-handlebars-server.git",
        "tag": "v1.2.0",
        "commit": "1b72c4e9d82af66293e50be4516c487d15d97464"
      },
      "impicker": {
        "git": "https://github.com/wulx/impicker.git",
        "tag": "v1.2.0",
        "commit": "29a7a52d27b2cf8447fc24946b0fdbf60c4b12a6"
      },
      "Dropzonejs": {
        "git": "https://github.com/devonbarrett/meteor-dropzone.git",
        "tag": "v1.0.1",
        "commit": "aa0e15055a519e72a97d02cffad4b052e840433d"
      },
      "fast-render": {
        "git": "https://github.com/arunoda/meteor-fast-render.git",
        "tag": "v0.2.5",
        "commit": "93e2fb334e55fbe9b5ebb2a2e65964018658f43e"
      },
      "reactive-relations": {
        "git": "https://github.com/dburles/reactive-relations.git",
        "tag": "v0.1.6",
        "commit": "457f270d945b212b55cae50800a0c8851f35fcba"
      },
      "iron-router-tour": {
        "git": "https://github.com/richsilv/iron-router-tour.git",
        "tag": "v0.1.2",
        "commit": "652974147e971edb4e6a2831e44422a13f3ae867"
      },
      "collection-hooks": {
        "git": "https://github.com/matb33/meteor-collection-hooks.git",
        "tag": "v0.6.7",
        "commit": "f1d2ac629864edda09df6c955fa5ff3df26f739c"
      },
      "blaze-layout": {
        "git": "https://github.com/EventedMind/blaze-layout.git",
        "tag": "v0.2.4",
        "commit": "b40e9b0612329288d75cf52ad14a7da64bb8618f"
      },
      "paginated-subscription": {
        "git": "https://github.com/tmeasday/meteor-paginated-subscription.git",
        "tag": "v0.2.1",
        "commit": "f44d171badcc2e6f87c752580be16c955cdb3bb8"
      },
      "spin": {
        "git": "https://github.com/SachaG/meteor-spin.git",
        "tag": "v0.2.2",
        "commit": "3f655f0016228e4195acc784c45d3e3a247dc39f"
      },
      "scss": {
        "git": "https://github.com/fourseven/meteor-scss.git",
        "tag": "v0.8.4",
        "commit": "11af0da643944d241fe7d173af76162c4b670dee"
      }
    }
  }
}
